
Microsoft Visual Studio Solution File, Format Version 12.00
# Visual Studio Version 16
VisualStudioVersion = 16.0.28803.202
MinimumVisualStudioVersion = 10.0.40219.1
Project("{FAE04EC0-301F-11D3-BF4B-00C04F79EFBC}") = "SampleWebApplication", "SampleWebApplication\SampleWebApplication.csproj", "{512D8C8C-86BB-4446-ABF0-38281708D279}"
EndProject
Project("{9A19103F-16F7-4668-BE54-9A1E7A4F7556}") = "Client", "WSDOT-Traveler-Info-DotNet-Client\Client\Client.csproj", "{2373634C-3E56-46ED-AFC2-69F76E7B6CED}"
EndProject
Project("{9A19103F-16F7-4668-BE54-9A1E7A4F7556}") = "Contracts", "WSDOT-Traveler-Info-DotNet-Client\Data Contracts\Contracts.csproj", "{4F66D34B-3E38-4872-874B-F09B3C1E594A}"
EndProject
Global
	GlobalSection(SolutionConfigurationPlatforms) = preSolution
		Debug|Any CPU = Debug|Any CPU
		Release|Any CPU = Release|Any CPU
	EndGlobalSection
	GlobalSection(ProjectConfigurationPlatforms) = postSolution
		{512D8C8C-86BB-4446-ABF0-38281708D279}.Debug|Any CPU.ActiveCfg = Debug|Any CPU
		{512D8C8C-86BB-4446-ABF0-38281708D279}.Debug|Any CPU.Build.0 = Debug|Any CPU
		{512D8C8C-86BB-4446-ABF0-38281708D279}.Release|Any CPU.ActiveCfg = Release|Any CPU
		{512D8C8C-86BB-4446-ABF0-38281708D279}.Release|Any CPU.Build.0 = Release|Any CPU
		{2373634C-3E56-46ED-AFC2-69F76E7B6CED}.Debug|Any CPU.ActiveCfg = Debug|Any CPU
		{2373634C-3E56-46ED-AFC2-69F76E7B6CED}.Debug|Any CPU.Build.0 = Debug|Any CPU
		{2373634C-3E56-46ED-AFC2-69F76E7B6CED}.Release|Any CPU.ActiveCfg = Release|Any CPU
		{2373634C-3E56-46ED-AFC2-69F76E7B6CED}.Release|Any CPU.Build.0 = Release|Any CPU
		{4F66D34B-3E38-4872-874B-F09B3C1E594A}.Debug|Any CPU.ActiveCfg = Debug|Any CPU
		{4F66D34B-3E38-4872-874B-F09B3C1E594A}.Debug|Any CPU.Build.0 = Debug|Any CPU
		{4F66D34B-3E38-4872-874B-F09B3C1E594A}.Release|Any CPU.ActiveCfg = Release|Any CPU
		{4F66D34B-3E38-4872-874B-F09B3C1E594A}.Release|Any CPU.Build.0 = Release|Any CPU
	EndGlobalSection
	GlobalSection(SolutionProperties) = preSolution
		HideSolutionNode = FALSE
	EndGlobalSection
	GlobalSection(ExtensibilityGlobals) = postSolution
		SolutionGuid = {3B558CF1-B11C-4ABB-9C88-31015D9CDD3B}
	EndGlobalSection
EndGlobal
